// !$*UTF8*$!
{
	archiveVersion = 1;
	classes = {
	};
	objectVersion = 48;
	objects = {

/* Begin PBXBuildFile section */
		75982DEA20340FB60012ABC2 /* Tokens.cpp in Sources */ = {isa = PBXBuildFile; fileRef = 75982DE820340FB60012ABC2 /* Tokens.cpp */; };
		75982DED20340FC70012ABC2 /* RaceBanners.cpp in Sources */ = {isa = PBXBuildFile; fileRef = 75982DEB20340FC70012ABC2 /* RaceBanners.cpp */; };
		75982DF0203415EB0012ABC2 /* Coins.cpp in Sources */ = {isa = PBXBuildFile; fileRef = 75982DEE203415EB0012ABC2 /* Coins.cpp */; };
		75982DF3203416440012ABC2 /* Badges.cpp in Sources */ = {isa = PBXBuildFile; fileRef = 75982DF1203416440012ABC2 /* Badges.cpp */; };
		75982DF62034165D0012ABC2 /* GamePieces.cpp in Sources */ = {isa = PBXBuildFile; fileRef = 75982DF42034165D0012ABC2 /* GamePieces.cpp */; };
		75982DF9203417C50012ABC2 /* AllComponents.cpp in Sources */ = {isa = PBXBuildFile; fileRef = 75982DF7203417C50012ABC2 /* AllComponents.cpp */; };
		75982DFC2034EDFA0012ABC2 /* MapObjects.cpp in Sources */ = {isa = PBXBuildFile; fileRef = 75982DFA2034EDFA0012ABC2 /* MapObjects.cpp */; };
		75A966D7202BEA1A00A3E8CA /* ComponentDriver.cpp in Sources */ = {isa = PBXBuildFile; fileRef = 75A966D6202BEA1A00A3E8CA /* ComponentDriver.cpp */; };
		75A966DF202BEA7200A3E8CA /* Player.cpp in Sources */ = {isa = PBXBuildFile; fileRef = 75A966DD202BEA7200A3E8CA /* Player.cpp */; };
/* End PBXBuildFile section */

/* Begin PBXCopyFilesBuildPhase section */
		75A966D1202BEA1A00A3E8CA /* CopyFiles */ = {
			isa = PBXCopyFilesBuildPhase;
			buildActionMask = 2147483647;
			dstPath = /usr/share/man/man1/;
			dstSubfolderSpec = 0;
			files = (
			);
			runOnlyForDeploymentPostprocessing = 1;
		};
/* End PBXCopyFilesBuildPhase section */

/* Begin PBXFileReference section */
		75982DE820340FB60012ABC2 /* Tokens.cpp */ = {isa = PBXFileReference; lastKnownFileType = sourcecode.cpp.cpp; path = Tokens.cpp; sourceTree = "<group>"; };
		75982DE920340FB60012ABC2 /* Tokens.hpp */ = {isa = PBXFileReference; lastKnownFileType = sourcecode.cpp.h; path = Tokens.hpp; sourceTree = "<group>"; };
		75982DEB20340FC70012ABC2 /* RaceBanners.cpp */ = {isa = PBXFileReference; lastKnownFileType = sourcecode.cpp.cpp; path = RaceBanners.cpp; sourceTree = "<group>"; };
		75982DEC20340FC70012ABC2 /* RaceBanners.hpp */ = {isa = PBXFileReference; lastKnownFileType = sourcecode.cpp.h; path = RaceBanners.hpp; sourceTree = "<group>"; };
		75982DEE203415EB0012ABC2 /* Coins.cpp */ = {isa = PBXFileReference; lastKnownFileType = sourcecode.cpp.cpp; path = Coins.cpp; sourceTree = "<group>"; };
		75982DEF203415EB0012ABC2 /* Coins.hpp */ = {isa = PBXFileReference; lastKnownFileType = sourcecode.cpp.h; path = Coins.hpp; sourceTree = "<group>"; };
		75982DF1203416440012ABC2 /* Badges.cpp */ = {isa = PBXFileReference; lastKnownFileType = sourcecode.cpp.cpp; path = Badges.cpp; sourceTree = "<group>"; };
		75982DF2203416440012ABC2 /* Badges.hpp */ = {isa = PBXFileReference; lastKnownFileType = sourcecode.cpp.h; path = Badges.hpp; sourceTree = "<group>"; };
		75982DF42034165D0012ABC2 /* GamePieces.cpp */ = {isa = PBXFileReference; lastKnownFileType = sourcecode.cpp.cpp; path = GamePieces.cpp; sourceTree = "<group>"; };
		75982DF52034165D0012ABC2 /* GamePieces.hpp */ = {isa = PBXFileReference; lastKnownFileType = sourcecode.cpp.h; path = GamePieces.hpp; sourceTree = "<group>"; };
		75982DF7203417C50012ABC2 /* AllComponents.cpp */ = {isa = PBXFileReference; lastKnownFileType = sourcecode.cpp.cpp; path = AllComponents.cpp; sourceTree = "<group>"; };
		75982DF8203417C50012ABC2 /* AllComponents.hpp */ = {isa = PBXFileReference; lastKnownFileType = sourcecode.cpp.h; path = AllComponents.hpp; sourceTree = "<group>"; };
		75982DFA2034EDFA0012ABC2 /* MapObjects.cpp */ = {isa = PBXFileReference; lastKnownFileType = sourcecode.cpp.cpp; path = MapObjects.cpp; sourceTree = "<group>"; };
		75982DFB2034EDFA0012ABC2 /* MapObjects.hpp */ = {isa = PBXFileReference; lastKnownFileType = sourcecode.cpp.h; path = MapObjects.hpp; sourceTree = "<group>"; };
		75A966D3202BEA1A00A3E8CA /* SmallWorld */ = {isa = PBXFileReference; explicitFileType = "compiled.mach-o.executable"; includeInIndex = 0; path = SmallWorld; sourceTree = BUILT_PRODUCTS_DIR; };
		75A966D6202BEA1A00A3E8CA /* ComponentDriver.cpp */ = {isa = PBXFileReference; lastKnownFileType = sourcecode.cpp.cpp; path = ComponentDriver.cpp; sourceTree = "<group>"; };
		75A966DD202BEA7200A3E8CA /* Player.cpp */ = {isa = PBXFileReference; lastKnownFileType = sourcecode.cpp.cpp; path = Player.cpp; sourceTree = "<group>"; };
		75A966DE202BEA7200A3E8CA /* Player.hpp */ = {isa = PBXFileReference; lastKnownFileType = sourcecode.cpp.h; path = Player.hpp; sourceTree = "<group>"; };
/* End PBXFileReference section */

/* Begin PBXFrameworksBuildPhase section */
		75A966D0202BEA1A00A3E8CA /* Frameworks */ = {
			isa = PBXFrameworksBuildPhase;
			buildActionMask = 2147483647;
			files = (
			);
			runOnlyForDeploymentPostprocessing = 0;
		};
/* End PBXFrameworksBuildPhase section */

/* Begin PBXGroup section */
		75A966CA202BEA1A00A3E8CA = {
			isa = PBXGroup;
			children = (
				75A966D5202BEA1A00A3E8CA /* SmallWorld */,
				75A966D4202BEA1A00A3E8CA /* Products */,
			);
			sourceTree = "<group>";
		};
		75A966D4202BEA1A00A3E8CA /* Products */ = {
			isa = PBXGroup;
			children = (
				75A966D3202BEA1A00A3E8CA /* SmallWorld */,
			);
			name = Products;
			sourceTree = "<group>";
		};
		75A966D5202BEA1A00A3E8CA /* SmallWorld */ = {
			isa = PBXGroup;
			children = (
				75A966D6202BEA1A00A3E8CA /* ComponentDriver.cpp */,
				75982DF7203417C50012ABC2 /* AllComponents.cpp */,
				75982DF8203417C50012ABC2 /* AllComponents.hpp */,
				75982DEE203415EB0012ABC2 /* Coins.cpp */,
				75982DEF203415EB0012ABC2 /* Coins.hpp */,
				75982DEB20340FC70012ABC2 /* RaceBanners.cpp */,
				75982DEC20340FC70012ABC2 /* RaceBanners.hpp */,
				75982DF1203416440012ABC2 /* Badges.cpp */,
				75982DF2203416440012ABC2 /* Badges.hpp */,
				75982DE820340FB60012ABC2 /* Tokens.cpp */,
				75982DE920340FB60012ABC2 /* Tokens.hpp */,
				75982DF42034165D0012ABC2 /* GamePieces.cpp */,
				75982DF52034165D0012ABC2 /* GamePieces.hpp */,
				75982DFA2034EDFA0012ABC2 /* MapObjects.cpp */,
				75982DFB2034EDFA0012ABC2 /* MapObjects.hpp */,
				75A966DE202BEA7200A3E8CA /* Player.hpp */,
				75A966DD202BEA7200A3E8CA /* Player.cpp */,
			);
			path = SmallWorld;
			sourceTree = "<group>";
		};
/* End PBXGroup section */

/* Begin PBXNativeTarget section */
		75A966D2202BEA1A00A3E8CA /* SmallWorld */ = {
			isa = PBXNativeTarget;
			buildConfigurationList = 75A966DA202BEA1A00A3E8CA /* Build configuration list for PBXNativeTarget "SmallWorld" */;
			buildPhases = (
				75A966CF202BEA1A00A3E8CA /* Sources */,
				75A966D0202BEA1A00A3E8CA /* Frameworks */,
				75A966D1202BEA1A00A3E8CA /* CopyFiles */,
			);
			buildRules = (
			);
			dependencies = (
			);
			name = SmallWorld;
			productName = SmallWorld;
			productReference = 75A966D3202BEA1A00A3E8CA /* SmallWorld */;
			productType = "com.apple.product-type.tool";
		};
/* End PBXNativeTarget section */

/* Begin PBXProject section */
		75A966CB202BEA1A00A3E8CA /* Project object */ = {
			isa = PBXProject;
			attributes = {
				LastUpgradeCheck = 0920;
				ORGANIZATIONNAME = "Charles Chan";
				TargetAttributes = {
					75A966D2202BEA1A00A3E8CA = {
						CreatedOnToolsVersion = 9.2;
						ProvisioningStyle = Automatic;
					};
				};
			};
			buildConfigurationList = 75A966CE202BEA1A00A3E8CA /* Build configuration list for PBXProject "SmallWorld" */;
			compatibilityVersion = "Xcode 8.0";
			developmentRegion = en;
			hasScannedForEncodings = 0;
			knownRegions = (
				en,
			);
			mainGroup = 75A966CA202BEA1A00A3E8CA;
			productRefGroup = 75A966D4202BEA1A00A3E8CA /* Products */;
			projectDirPath = "";
			projectRoot = "";
			targets = (
				75A966D2202BEA1A00A3E8CA /* SmallWorld */,
			);
		};
/* End PBXProject section */

/* Begin PBXSourcesBuildPhase section */
		75A966CF202BEA1A00A3E8CA /* Sources */ = {
			isa = PBXSourcesBuildPhase;
			buildActionMask = 2147483647;
			files = (
				75982DF0203415EB0012ABC2 /* Coins.cpp in Sources */,
				75982DF9203417C50012ABC2 /* AllComponents.cpp in Sources */,
				75982DED20340FC70012ABC2 /* RaceBanners.cpp in Sources */,
				75982DEA20340FB60012ABC2 /* Tokens.cpp in Sources */,
				75982DF3203416440012ABC2 /* Badges.cpp in Sources */,
				75A966DF202BEA7200A3E8CA /* Player.cpp in Sources */,
				75982DF62034165D0012ABC2 /* GamePieces.cpp in Sources */,
				75982DFC2034EDFA0012ABC2 /* MapObjects.cpp in Sources */,
				75A966D7202BEA1A00A3E8CA /* ComponentDriver.cpp in Sources */,
			);
			runOnlyForDeploymentPostprocessing = 0;
		};
/* End PBXSourcesBuildPhase section */

/* Begin XCBuildConfiguration section */
		75A966D8202BEA1A00A3E8CA /* Debug */ = {
			isa = XCBuildConfiguration;
			buildSettings = {
				ALWAYS_SEARCH_USER_PATHS = NO;
				CLANG_ANALYZER_NONNULL = YES;
				CLANG_ANALYZER_NUMBER_OBJECT_CONVERSION = YES_AGGRESSIVE;
				CLANG_CXX_LANGUAGE_STANDARD = "gnu++14";
				CLANG_CXX_LIBRARY = "libc++";
				CLANG_ENABLE_MODULES = YES;
				CLANG_ENABLE_OBJC_ARC = YES;
				CLANG_WARN_BLOCK_CAPTURE_AUTORELEASING = YES;
				CLANG_WARN_BOOL_CONVERSION = YES;
				CLANG_WARN_COMMA = YES;
				CLANG_WARN_CONSTANT_CONVERSION = YES;
				CLANG_WARN_DIRECT_OBJC_ISA_USAGE = YES_ERROR;
				CLANG_WARN_DOCUMENTATION_COMMENTS = YES;
				CLANG_WARN_EMPTY_BODY = YES;
				CLANG_WARN_ENUM_CONVERSION = YES;
				CLANG_WARN_INFINITE_RECURSION = YES;
				CLANG_WARN_INT_CONVERSION = YES;
				CLANG_WARN_NON_LITERAL_NULL_CONVERSION = YES;
				CLANG_WARN_OBJC_LITERAL_CONVERSION = YES;
				CLANG_WARN_OBJC_ROOT_CLASS = YES_ERROR;
				CLANG_WARN_RANGE_LOOP_ANALYSIS = YES;
				CLANG_WARN_STRICT_PROTOTYPES = YES;
				CLANG_WARN_SUSPICIOUS_MOVE = YES;
				CLANG_WARN_UNGUARDED_AVAILABILITY = YES_AGGRESSIVE;
				CLANG_WARN_UNREACHABLE_CODE = YES;
				CLANG_WARN__DUPLICATE_METHOD_MATCH = YES;
				CODE_SIGN_IDENTITY = "-";
				COPY_PHASE_STRIP = NO;
				DEBUG_INFORMATION_FORMAT = dwarf;
				ENABLE_STRICT_OBJC_MSGSEND = YES;
				ENABLE_TESTABILITY = YES;
				GCC_C_LANGUAGE_STANDARD = gnu11;
				GCC_DYNAMIC_NO_PIC = NO;
				GCC_NO_COMMON_BLOCKS = YES;
				GCC_OPTIMIZATION_LEVEL = 0;
				GCC_PREPROCESSOR_DEFINITIONS = (
					"DEBUG=1",
					"$(inherited)",
				);
				GCC_WARN_64_TO_32_BIT_CONVERSION = YES;
				GCC_WARN_ABOUT_RETURN_TYPE = YES_ERROR;
				GCC_WARN_UNDECLARED_SELECTOR = YES;
				GCC_WARN_UNINITIALIZED_AUTOS = YES_AGGRESSIVE;
				GCC_WARN_UNUSED_FUNCTION = YES;
				GCC_WARN_UNUSED_VARIABLE = YES;
				MACOSX_DEPLOYMENT_TARGET = 10.13;
				MTL_ENABLE_DEBUG_INFO = YES;
				ONLY_ACTIVE_ARCH = YES;
				SDKROOT = macosx;
			};
			name = Debug;
		};
		75A966D9202BEA1A00A3E8CA /* Release */ = {
			isa = XCBuildConfiguration;
			buildSettings = {
				ALWAYS_SEARCH_USER_PATHS = NO;
				CLANG_ANALYZER_NONNULL = YES;
				CLANG_ANALYZER_NUMBER_OBJECT_CONVERSION = YES_AGGRESSIVE;
				CLANG_CXX_LANGUAGE_STANDARD = "gnu++14";
				CLANG_CXX_LIBRARY = "libc++";
				CLANG_ENABLE_MODULES = YES;
				CLANG_ENABLE_OBJC_ARC = YES;
				CLANG_WARN_BLOCK_CAPTURE_AUTORELEASING = YES;
				CLANG_WARN_BOOL_CONVERSION = YES;
				CLANG_WARN_COMMA = YES;
				CLANG_WARN_CONSTANT_CONVERSION = YES;
				CLANG_WARN_DIRECT_OBJC_ISA_USAGE = YES_ERROR;
				CLANG_WARN_DOCUMENTATION_COMMENTS = YES;
				CLANG_WARN_EMPTY_BODY = YES;
				CLANG_WARN_ENUM_CONVERSION = YES;
				CLANG_WARN_INFINITE_RECURSION = YES;
				CLANG_WARN_INT_CONVERSION = YES;
				CLANG_WARN_NON_LITERAL_NULL_CONVERSION = YES;
				CLANG_WARN_OBJC_LITERAL_CONVERSION = YES;
				CLANG_WARN_OBJC_ROOT_CLASS = YES_ERROR;
				CLANG_WARN_RANGE_LOOP_ANALYSIS = YES;
				CLANG_WARN_STRICT_PROTOTYPES = YES;
				CLANG_WARN_SUSPICIOUS_MOVE = YES;
				CLANG_WARN_UNGUARDED_AVAILABILITY = YES_AGGRESSIVE;
				CLANG_WARN_UNREACHABLE_CODE = YES;
				CLANG_WARN__DUPLICATE_METHOD_MATCH = YES;
				CODE_SIGN_IDENTITY = "-";
				COPY_PHASE_STRIP = NO;
				DEBUG_INFORMATION_FORMAT = "dwarf-with-dsym";
				ENABLE_NS_ASSERTIONS = NO;
				ENABLE_STRICT_OBJC_MSGSEND = YES;
				GCC_C_LANGUAGE_STANDARD = gnu11;
				GCC_NO_COMMON_BLOCKS = YES;
				GCC_WARN_64_TO_32_BIT_CONVERSION = YES;
				GCC_WARN_ABOUT_RETURN_TYPE = YES_ERROR;
				GCC_WARN_UNDECLARED_SELECTOR = YES;
				GCC_WARN_UNINITIALIZED_AUTOS = YES_AGGRESSIVE;
				GCC_WARN_UNUSED_FUNCTION = YES;
				GCC_WARN_UNUSED_VARIABLE = YES;
				MACOSX_DEPLOYMENT_TARGET = 10.13;
				MTL_ENABLE_DEBUG_INFO = NO;
				SDKROOT = macosx;
			};
			name = Release;
		};
		75A966DB202BEA1A00A3E8CA /* Debug */ = {
			isa = XCBuildConfiguration;
			buildSettings = {
				CODE_SIGN_STYLE = Automatic;
				PRODUCT_NAME = "$(TARGET_NAME)";
			};
			name = Debug;
		};
		75A966DC202BEA1A00A3E8CA /* Release */ = {
			isa = XCBuildConfiguration;
			buildSettings = {
				CODE_SIGN_STYLE = Automatic;
				PRODUCT_NAME = "$(TARGET_NAME)";
			};
			name = Release;
		};
/* End XCBuildConfiguration section */

/* Begin XCConfigurationList section */
		75A966CE202BEA1A00A3E8CA /* Build configuration list for PBXProject "SmallWorld" */ = {
			isa = XCConfigurationList;
			buildConfigurations = (
				75A966D8202BEA1A00A3E8CA /* Debug */,
				75A966D9202BEA1A00A3E8CA /* Release */,
			);
			defaultConfigurationIsVisible = 0;
			defaultConfigurationName = Release;
		};
		75A966DA202BEA1A00A3E8CA /* Build configuration list for PBXNativeTarget "SmallWorld" */ = {
			isa = XCConfigurationList;
			buildConfigurations = (
				75A966DB202BEA1A00A3E8CA /* Debug */,
				75A966DC202BEA1A00A3E8CA /* Release */,
			);
			defaultConfigurationIsVisible = 0;
			defaultConfigurationName = Release;
		};
/* End XCConfigurationList section */
	};
	rootObject = 75A966CB202BEA1A00A3E8CA /* Project object */;
}
