// !$*UTF8*$!
{
	archiveVersion = 1;
	classes = {
	};
	objectVersion = 48;
	objects = {

/* Begin PBXBuildFile section */
		756E18102036CA0C000CE39F /* Region.cpp in Sources */ = {isa = PBXBuildFile; fileRef = 756E180E2036CA0C000CE39F /* Region.cpp */; };
		7584E4B42036A69E004C37D3 /* MapDriver.cpp in Sources */ = {isa = PBXBuildFile; fileRef = 7584E4B32036A69E004C37D3 /* MapDriver.cpp */; };
		75F6B2882036A0E00091960A /* ComponentDriver.cpp in Sources */ = {isa = PBXBuildFile; fileRef = 75F6B2742036A0DF0091960A /* ComponentDriver.cpp */; };
		75F6B2892036A0E00091960A /* Tokens.cpp in Sources */ = {isa = PBXBuildFile; fileRef = 75F6B2752036A0DF0091960A /* Tokens.cpp */; };
		75F6B28A2036A0E00091960A /* Dice.cpp in Sources */ = {isa = PBXBuildFile; fileRef = 75F6B2792036A0DF0091960A /* Dice.cpp */; };
		75F6B28B2036A0E00091960A /* Coins.cpp in Sources */ = {isa = PBXBuildFile; fileRef = 75F6B27A2036A0DF0091960A /* Coins.cpp */; };
		75F6B28C2036A0E00091960A /* AllComponents.cpp in Sources */ = {isa = PBXBuildFile; fileRef = 75F6B27B2036A0DF0091960A /* AllComponents.cpp */; };
		75F6B28D2036A0E00091960A /* MapObjects.cpp in Sources */ = {isa = PBXBuildFile; fileRef = 75F6B27C2036A0DF0091960A /* MapObjects.cpp */; };
		75F6B28E2036A0E00091960A /* Player.cpp in Sources */ = {isa = PBXBuildFile; fileRef = 75F6B27F2036A0DF0091960A /* Player.cpp */; };
		75F6B28F2036A0E00091960A /* Badges.cpp in Sources */ = {isa = PBXBuildFile; fileRef = 75F6B2832036A0E00091960A /* Badges.cpp */; };
		75F6B2902036A0E00091960A /* RaceBanners.cpp in Sources */ = {isa = PBXBuildFile; fileRef = 75F6B2852036A0E00091960A /* RaceBanners.cpp */; };
		75F6B2912036A0E00091960A /* DiceDriver.cpp in Sources */ = {isa = PBXBuildFile; fileRef = 75F6B2862036A0E00091960A /* DiceDriver.cpp */; };
		75F6B2922036A0E00091960A /* GamePieces.cpp in Sources */ = {isa = PBXBuildFile; fileRef = 75F6B2872036A0E00091960A /* GamePieces.cpp */; };
/* End PBXBuildFile section */

/* Begin PBXCopyFilesBuildPhase section */
		75F6B2682036A0CB0091960A /* CopyFiles */ = {
			isa = PBXCopyFilesBuildPhase;
			buildActionMask = 2147483647;
			dstPath = /usr/share/man/man1/;
			dstSubfolderSpec = 0;
			files = (
			);
			runOnlyForDeploymentPostprocessing = 1;
		};
/* End PBXCopyFilesBuildPhase section */

/* Begin PBXFileReference section */
		756E180E2036CA0C000CE39F /* Region.cpp */ = {isa = PBXFileReference; lastKnownFileType = sourcecode.cpp.cpp; path = Region.cpp; sourceTree = "<group>"; };
		756E180F2036CA0C000CE39F /* Region.hpp */ = {isa = PBXFileReference; lastKnownFileType = sourcecode.cpp.h; path = Region.hpp; sourceTree = "<group>"; };
		7584E4B32036A69E004C37D3 /* MapDriver.cpp */ = {isa = PBXFileReference; lastKnownFileType = sourcecode.cpp.cpp; path = MapDriver.cpp; sourceTree = "<group>"; };
		75F6B26A2036A0CB0091960A /* SmallWorld */ = {isa = PBXFileReference; explicitFileType = "compiled.mach-o.executable"; includeInIndex = 0; path = SmallWorld; sourceTree = BUILT_PRODUCTS_DIR; };
		75F6B2742036A0DF0091960A /* ComponentDriver.cpp */ = {isa = PBXFileReference; fileEncoding = 4; lastKnownFileType = sourcecode.cpp.cpp; path = ComponentDriver.cpp; sourceTree = "<group>"; };
		75F6B2752036A0DF0091960A /* Tokens.cpp */ = {isa = PBXFileReference; fileEncoding = 4; lastKnownFileType = sourcecode.cpp.cpp; path = Tokens.cpp; sourceTree = "<group>"; };
		75F6B2762036A0DF0091960A /* Tokens.hpp */ = {isa = PBXFileReference; fileEncoding = 4; lastKnownFileType = sourcecode.cpp.h; path = Tokens.hpp; sourceTree = "<group>"; };
		75F6B2782036A0DF0091960A /* GamePieces.hpp */ = {isa = PBXFileReference; fileEncoding = 4; lastKnownFileType = sourcecode.cpp.h; path = GamePieces.hpp; sourceTree = "<group>"; };
		75F6B2792036A0DF0091960A /* Dice.cpp */ = {isa = PBXFileReference; fileEncoding = 4; lastKnownFileType = sourcecode.cpp.cpp; path = Dice.cpp; sourceTree = "<group>"; };
		75F6B27A2036A0DF0091960A /* Coins.cpp */ = {isa = PBXFileReference; fileEncoding = 4; lastKnownFileType = sourcecode.cpp.cpp; path = Coins.cpp; sourceTree = "<group>"; };
		75F6B27B2036A0DF0091960A /* AllComponents.cpp */ = {isa = PBXFileReference; fileEncoding = 4; lastKnownFileType = sourcecode.cpp.cpp; path = AllComponents.cpp; sourceTree = "<group>"; };
		75F6B27C2036A0DF0091960A /* MapObjects.cpp */ = {isa = PBXFileReference; fileEncoding = 4; lastKnownFileType = sourcecode.cpp.cpp; path = MapObjects.cpp; sourceTree = "<group>"; };
		75F6B27D2036A0DF0091960A /* MapObjects.hpp */ = {isa = PBXFileReference; fileEncoding = 4; lastKnownFileType = sourcecode.cpp.h; path = MapObjects.hpp; sourceTree = "<group>"; };
		75F6B27E2036A0DF0091960A /* Dice.hpp */ = {isa = PBXFileReference; fileEncoding = 4; lastKnownFileType = sourcecode.cpp.h; path = Dice.hpp; sourceTree = "<group>"; };
		75F6B27F2036A0DF0091960A /* Player.cpp */ = {isa = PBXFileReference; fileEncoding = 4; lastKnownFileType = sourcecode.cpp.cpp; path = Player.cpp; sourceTree = "<group>"; };
		75F6B2802036A0E00091960A /* Coins.hpp */ = {isa = PBXFileReference; fileEncoding = 4; lastKnownFileType = sourcecode.cpp.h; path = Coins.hpp; sourceTree = "<group>"; };
		75F6B2812036A0E00091960A /* RaceBanners.hpp */ = {isa = PBXFileReference; fileEncoding = 4; lastKnownFileType = sourcecode.cpp.h; path = RaceBanners.hpp; sourceTree = "<group>"; };
		75F6B2822036A0E00091960A /* Player.hpp */ = {isa = PBXFileReference; fileEncoding = 4; lastKnownFileType = sourcecode.cpp.h; path = Player.hpp; sourceTree = "<group>"; };
		75F6B2832036A0E00091960A /* Badges.cpp */ = {isa = PBXFileReference; fileEncoding = 4; lastKnownFileType = sourcecode.cpp.cpp; path = Badges.cpp; sourceTree = "<group>"; };
		75F6B2842036A0E00091960A /* Badges.hpp */ = {isa = PBXFileReference; fileEncoding = 4; lastKnownFileType = sourcecode.cpp.h; path = Badges.hpp; sourceTree = "<group>"; };
		75F6B2852036A0E00091960A /* RaceBanners.cpp */ = {isa = PBXFileReference; fileEncoding = 4; lastKnownFileType = sourcecode.cpp.cpp; path = RaceBanners.cpp; sourceTree = "<group>"; };
		75F6B2862036A0E00091960A /* DiceDriver.cpp */ = {isa = PBXFileReference; fileEncoding = 4; lastKnownFileType = sourcecode.cpp.cpp; path = DiceDriver.cpp; sourceTree = "<group>"; };
		75F6B2872036A0E00091960A /* GamePieces.cpp */ = {isa = PBXFileReference; fileEncoding = 4; lastKnownFileType = sourcecode.cpp.cpp; path = GamePieces.cpp; sourceTree = "<group>"; };
		75F6B2932036A1730091960A /* AllComponents.h */ = {isa = PBXFileReference; lastKnownFileType = sourcecode.c.h; path = AllComponents.h; sourceTree = "<group>"; };
/* End PBXFileReference section */

/* Begin PBXFrameworksBuildPhase section */
		75F6B2672036A0CB0091960A /* Frameworks */ = {
			isa = PBXFrameworksBuildPhase;
			buildActionMask = 2147483647;
			files = (
			);
			runOnlyForDeploymentPostprocessing = 0;
		};
/* End PBXFrameworksBuildPhase section */

/* Begin PBXGroup section */
		7584E4B52036A6A4004C37D3 /* Map */ = {
			isa = PBXGroup;
			children = (
				7584E4B32036A69E004C37D3 /* MapDriver.cpp */,
				756E180E2036CA0C000CE39F /* Region.cpp */,
				756E180F2036CA0C000CE39F /* Region.hpp */,
			);
			path = Map;
			sourceTree = "<group>";
		};
		75F6B2612036A0CB0091960A = {
			isa = PBXGroup;
			children = (
				75F6B26C2036A0CB0091960A /* SmallWorld */,
				75F6B26B2036A0CB0091960A /* Products */,
			);
			sourceTree = "<group>";
		};
		75F6B26B2036A0CB0091960A /* Products */ = {
			isa = PBXGroup;
			children = (
				75F6B26A2036A0CB0091960A /* SmallWorld */,
			);
			name = Products;
			sourceTree = "<group>";
		};
		75F6B26C2036A0CB0091960A /* SmallWorld */ = {
			isa = PBXGroup;
			children = (
				75F6B2742036A0DF0091960A /* ComponentDriver.cpp */,
				75F6B27B2036A0DF0091960A /* AllComponents.cpp */,
				75F6B2932036A1730091960A /* AllComponents.h */,
				75F6B2832036A0E00091960A /* Badges.cpp */,
				75F6B2842036A0E00091960A /* Badges.hpp */,
				75F6B27A2036A0DF0091960A /* Coins.cpp */,
				75F6B2802036A0E00091960A /* Coins.hpp */,
				75F6B2852036A0E00091960A /* RaceBanners.cpp */,
				75F6B2812036A0E00091960A /* RaceBanners.hpp */,
				75F6B2872036A0E00091960A /* GamePieces.cpp */,
				75F6B2782036A0DF0091960A /* GamePieces.hpp */,
				75F6B27C2036A0DF0091960A /* MapObjects.cpp */,
				75F6B27D2036A0DF0091960A /* MapObjects.hpp */,
				75F6B2752036A0DF0091960A /* Tokens.cpp */,
				75F6B2762036A0DF0091960A /* Tokens.hpp */,
				75F6B27F2036A0DF0091960A /* Player.cpp */,
				75F6B2822036A0E00091960A /* Player.hpp */,
				75F6B2792036A0DF0091960A /* Dice.cpp */,
				75F6B27E2036A0DF0091960A /* Dice.hpp */,
				75F6B2862036A0E00091960A /* DiceDriver.cpp */,
				7584E4B52036A6A4004C37D3 /* Map */,
			);
			path = SmallWorld;
			sourceTree = "<group>";
		};
/* End PBXGroup section */

/* Begin PBXNativeTarget section */
		75F6B2692036A0CB0091960A /* SmallWorld */ = {
			isa = PBXNativeTarget;
			buildConfigurationList = 75F6B2712036A0CB0091960A /* Build configuration list for PBXNativeTarget "SmallWorld" */;
			buildPhases = (
				75F6B2662036A0CB0091960A /* Sources */,
				75F6B2672036A0CB0091960A /* Frameworks */,
				75F6B2682036A0CB0091960A /* CopyFiles */,
			);
			buildRules = (
			);
			dependencies = (
			);
			name = SmallWorld;
			productName = SmallWorld;
			productReference = 75F6B26A2036A0CB0091960A /* SmallWorld */;
			productType = "com.apple.product-type.tool";
		};
/* End PBXNativeTarget section */

/* Begin PBXProject section */
		75F6B2622036A0CB0091960A /* Project object */ = {
			isa = PBXProject;
			attributes = {
				LastUpgradeCheck = 0920;
				ORGANIZATIONNAME = "Charles Chan";
				TargetAttributes = {
					75F6B2692036A0CB0091960A = {
						CreatedOnToolsVersion = 9.2;
						ProvisioningStyle = Automatic;
					};
				};
			};
			buildConfigurationList = 75F6B2652036A0CB0091960A /* Build configuration list for PBXProject "SmallWorld" */;
			compatibilityVersion = "Xcode 8.0";
			developmentRegion = en;
			hasScannedForEncodings = 0;
			knownRegions = (
				en,
			);
			mainGroup = 75F6B2612036A0CB0091960A;
			productRefGroup = 75F6B26B2036A0CB0091960A /* Products */;
			projectDirPath = "";
			projectRoot = "";
			targets = (
				75F6B2692036A0CB0091960A /* SmallWorld */,
			);
		};
/* End PBXProject section */

/* Begin PBXSourcesBuildPhase section */
		75F6B2662036A0CB0091960A /* Sources */ = {
			isa = PBXSourcesBuildPhase;
			buildActionMask = 2147483647;
			files = (
				7584E4B42036A69E004C37D3 /* MapDriver.cpp in Sources */,
				75F6B28E2036A0E00091960A /* Player.cpp in Sources */,
				75F6B28B2036A0E00091960A /* Coins.cpp in Sources */,
				75F6B2922036A0E00091960A /* GamePieces.cpp in Sources */,
				75F6B2912036A0E00091960A /* DiceDriver.cpp in Sources */,
				756E18102036CA0C000CE39F /* Region.cpp in Sources */,
				75F6B2892036A0E00091960A /* Tokens.cpp in Sources */,
				75F6B28C2036A0E00091960A /* AllComponents.cpp in Sources */,
				75F6B28A2036A0E00091960A /* Dice.cpp in Sources */,
				75F6B28F2036A0E00091960A /* Badges.cpp in Sources */,
				75F6B2882036A0E00091960A /* ComponentDriver.cpp in Sources */,
				75F6B2902036A0E00091960A /* RaceBanners.cpp in Sources */,
				75F6B28D2036A0E00091960A /* MapObjects.cpp in Sources */,
			);
			runOnlyForDeploymentPostprocessing = 0;
		};
/* End PBXSourcesBuildPhase section */

/* Begin XCBuildConfiguration section */
		75F6B26F2036A0CB0091960A /* Debug */ = {
			isa = XCBuildConfiguration;
			buildSettings = {
				ALWAYS_SEARCH_USER_PATHS = NO;
				CLANG_ANALYZER_NONNULL = YES;
				CLANG_ANALYZER_NUMBER_OBJECT_CONVERSION = YES_AGGRESSIVE;
				CLANG_CXX_LANGUAGE_STANDARD = "gnu++14";
				CLANG_CXX_LIBRARY = "libc++";
				CLANG_ENABLE_MODULES = YES;
				CLANG_ENABLE_OBJC_ARC = YES;
				CLANG_WARN_BLOCK_CAPTURE_AUTORELEASING = YES;
				CLANG_WARN_BOOL_CONVERSION = YES;
				CLANG_WARN_COMMA = YES;
				CLANG_WARN_CONSTANT_CONVERSION = YES;
				CLANG_WARN_DIRECT_OBJC_ISA_USAGE = YES_ERROR;
				CLANG_WARN_DOCUMENTATION_COMMENTS = YES;
				CLANG_WARN_EMPTY_BODY = YES;
				CLANG_WARN_ENUM_CONVERSION = YES;
				CLANG_WARN_INFINITE_RECURSION = YES;
				CLANG_WARN_INT_CONVERSION = YES;
				CLANG_WARN_NON_LITERAL_NULL_CONVERSION = YES;
				CLANG_WARN_OBJC_LITERAL_CONVERSION = YES;
				CLANG_WARN_OBJC_ROOT_CLASS = YES_ERROR;
				CLANG_WARN_RANGE_LOOP_ANALYSIS = YES;
				CLANG_WARN_STRICT_PROTOTYPES = YES;
				CLANG_WARN_SUSPICIOUS_MOVE = YES;
				CLANG_WARN_UNGUARDED_AVAILABILITY = YES_AGGRESSIVE;
				CLANG_WARN_UNREACHABLE_CODE = YES;
				CLANG_WARN__DUPLICATE_METHOD_MATCH = YES;
				CODE_SIGN_IDENTITY = "-";
				COPY_PHASE_STRIP = NO;
				DEBUG_INFORMATION_FORMAT = dwarf;
				ENABLE_STRICT_OBJC_MSGSEND = YES;
				ENABLE_TESTABILITY = YES;
				GCC_C_LANGUAGE_STANDARD = gnu11;
				GCC_DYNAMIC_NO_PIC = NO;
				GCC_NO_COMMON_BLOCKS = YES;
				GCC_OPTIMIZATION_LEVEL = 0;
				GCC_PREPROCESSOR_DEFINITIONS = (
					"DEBUG=1",
					"$(inherited)",
				);
				GCC_WARN_64_TO_32_BIT_CONVERSION = YES;
				GCC_WARN_ABOUT_RETURN_TYPE = YES_ERROR;
				GCC_WARN_UNDECLARED_SELECTOR = YES;
				GCC_WARN_UNINITIALIZED_AUTOS = YES_AGGRESSIVE;
				GCC_WARN_UNUSED_FUNCTION = YES;
				GCC_WARN_UNUSED_VARIABLE = YES;
				MACOSX_DEPLOYMENT_TARGET = 10.13;
				MTL_ENABLE_DEBUG_INFO = YES;
				ONLY_ACTIVE_ARCH = YES;
				SDKROOT = macosx;
			};
			name = Debug;
		};
		75F6B2702036A0CB0091960A /* Release */ = {
			isa = XCBuildConfiguration;
			buildSettings = {
				ALWAYS_SEARCH_USER_PATHS = NO;
				CLANG_ANALYZER_NONNULL = YES;
				CLANG_ANALYZER_NUMBER_OBJECT_CONVERSION = YES_AGGRESSIVE;
				CLANG_CXX_LANGUAGE_STANDARD = "gnu++14";
				CLANG_CXX_LIBRARY = "libc++";
				CLANG_ENABLE_MODULES = YES;
				CLANG_ENABLE_OBJC_ARC = YES;
				CLANG_WARN_BLOCK_CAPTURE_AUTORELEASING = YES;
				CLANG_WARN_BOOL_CONVERSION = YES;
				CLANG_WARN_COMMA = YES;
				CLANG_WARN_CONSTANT_CONVERSION = YES;
				CLANG_WARN_DIRECT_OBJC_ISA_USAGE = YES_ERROR;
				CLANG_WARN_DOCUMENTATION_COMMENTS = YES;
				CLANG_WARN_EMPTY_BODY = YES;
				CLANG_WARN_ENUM_CONVERSION = YES;
				CLANG_WARN_INFINITE_RECURSION = YES;
				CLANG_WARN_INT_CONVERSION = YES;
				CLANG_WARN_NON_LITERAL_NULL_CONVERSION = YES;
				CLANG_WARN_OBJC_LITERAL_CONVERSION = YES;
				CLANG_WARN_OBJC_ROOT_CLASS = YES_ERROR;
				CLANG_WARN_RANGE_LOOP_ANALYSIS = YES;
				CLANG_WARN_STRICT_PROTOTYPES = YES;
				CLANG_WARN_SUSPICIOUS_MOVE = YES;
				CLANG_WARN_UNGUARDED_AVAILABILITY = YES_AGGRESSIVE;
				CLANG_WARN_UNREACHABLE_CODE = YES;
				CLANG_WARN__DUPLICATE_METHOD_MATCH = YES;
				CODE_SIGN_IDENTITY = "-";
				COPY_PHASE_STRIP = NO;
				DEBUG_INFORMATION_FORMAT = "dwarf-with-dsym";
				ENABLE_NS_ASSERTIONS = NO;
				ENABLE_STRICT_OBJC_MSGSEND = YES;
				GCC_C_LANGUAGE_STANDARD = gnu11;
				GCC_NO_COMMON_BLOCKS = YES;
				GCC_WARN_64_TO_32_BIT_CONVERSION = YES;
				GCC_WARN_ABOUT_RETURN_TYPE = YES_ERROR;
				GCC_WARN_UNDECLARED_SELECTOR = YES;
				GCC_WARN_UNINITIALIZED_AUTOS = YES_AGGRESSIVE;
				GCC_WARN_UNUSED_FUNCTION = YES;
				GCC_WARN_UNUSED_VARIABLE = YES;
				MACOSX_DEPLOYMENT_TARGET = 10.13;
				MTL_ENABLE_DEBUG_INFO = NO;
				SDKROOT = macosx;
			};
			name = Release;
		};
		75F6B2722036A0CB0091960A /* Debug */ = {
			isa = XCBuildConfiguration;
			buildSettings = {
				CODE_SIGN_STYLE = Automatic;
				HEADER_SEARCH_PATHS = /opt/local/include/;
				LIBRARY_SEARCH_PATHS = /opt/local/lib/;
				PRODUCT_NAME = "$(TARGET_NAME)";
			};
			name = Debug;
		};
		75F6B2732036A0CB0091960A /* Release */ = {
			isa = XCBuildConfiguration;
			buildSettings = {
				CODE_SIGN_STYLE = Automatic;
				HEADER_SEARCH_PATHS = /opt/local/include/;
				LIBRARY_SEARCH_PATHS = /opt/local/lib/;
				PRODUCT_NAME = "$(TARGET_NAME)";
			};
			name = Release;
		};
/* End XCBuildConfiguration section */

/* Begin XCConfigurationList section */
		75F6B2652036A0CB0091960A /* Build configuration list for PBXProject "SmallWorld" */ = {
			isa = XCConfigurationList;
			buildConfigurations = (
				75F6B26F2036A0CB0091960A /* Debug */,
				75F6B2702036A0CB0091960A /* Release */,
			);
			defaultConfigurationIsVisible = 0;
			defaultConfigurationName = Release;
		};
		75F6B2712036A0CB0091960A /* Build configuration list for PBXNativeTarget "SmallWorld" */ = {
			isa = XCConfigurationList;
			buildConfigurations = (
				75F6B2722036A0CB0091960A /* Debug */,
				75F6B2732036A0CB0091960A /* Release */,
			);
			defaultConfigurationIsVisible = 0;
			defaultConfigurationName = Release;
		};
/* End XCConfigurationList section */
	};
	rootObject = 75F6B2622036A0CB0091960A /* Project object */;
}
